
Microsoft Visual Studio Solution File, Format Version 12.00
# Visual Studio Version 17
VisualStudioVersion = 17.1.32328.378
MinimumVisualStudioVersion = 10.0.40219.1
Project("{FAE04EC0-301F-11D3-BF4B-00C04F79EFBC}") = "SyncFlash", "SyncFlash\SyncFlash.csproj", "{7381F6D6-8529-4CEE-A215-7DC2386A98D4}"
EndProject
Global
	GlobalSection(SolutionConfigurationPlatforms) = preSolution
		Debug|Any CPU = Debug|Any CPU
		Release|Any CPU = Release|Any CPU
	EndGlobalSection
	GlobalSection(ProjectConfigurationPlatforms) = postSolution
		{7381F6D6-8529-4CEE-A215-7DC2386A98D4}.Debug|Any CPU.ActiveCfg = Debug|Any CPU
		{7381F6D6-8529-4CEE-A215-7DC2386A98D4}.Debug|Any CPU.Build.0 = Debug|Any CPU
		{7381F6D6-8529-4CEE-A215-7DC2386A98D4}.Release|Any CPU.ActiveCfg = Release|Any CPU
		{7381F6D6-8529-4CEE-A215-7DC2386A98D4}.Release|Any CPU.Build.0 = Release|Any CPU
	EndGlobalSection
	GlobalSection(SolutionProperties) = preSolution
		HideSolutionNode = FALSE
	EndGlobalSection
	GlobalSection(ExtensibilityGlobals) = postSolution
		SolutionGuid = {F1246511-257C-4724-B222-69A185D41488}
	EndGlobalSection
	GlobalSection(Performance) = preSolution
		HasPerformanceSessions = true
	EndGlobalSection
EndGlobal
